
Microsoft Visual Studio Solution File, Format Version 12.00
# Visual Studio Version 17
VisualStudioVersion = 17.14.36119.2 d17.14
MinimumVisualStudioVersion = 10.0.40219.1
Project("{FAE04EC0-301F-11D3-BF4B-00C04F79EFBC}") = "SOPServer.API", "SOPServer.API\SOPServer.API.csproj", "{78BA85BF-A784-4B8E-A063-3FD3C2772843}"
EndProject
Project("{FAE04EC0-301F-11D3-BF4B-00C04F79EFBC}") = "SOPServer.Repository", "SOPServer.Repository\SOPServer.Repository.csproj", "{2ECB7E6B-40E4-443E-8B67-5621A8CFC8F5}"
EndProject
Project("{FAE04EC0-301F-11D3-BF4B-00C04F79EFBC}") = "SOPServer.Service", "SOPServer.Service\SOPServer.Service.csproj", "{CED4CB07-ECE5-45F1-AAB6-37C6B30E439A}"
EndProject
Global
	GlobalSection(SolutionConfigurationPlatforms) = preSolution
		Debug|Any CPU = Debug|Any CPU
		Release|Any CPU = Release|Any CPU
	EndGlobalSection
	GlobalSection(ProjectConfigurationPlatforms) = postSolution
		{78BA85BF-A784-4B8E-A063-3FD3C2772843}.Debug|Any CPU.ActiveCfg = Debug|Any CPU
		{78BA85BF-A784-4B8E-A063-3FD3C2772843}.Debug|Any CPU.Build.0 = Debug|Any CPU
		{78BA85BF-A784-4B8E-A063-3FD3C2772843}.Release|Any CPU.ActiveCfg = Release|Any CPU
		{78BA85BF-A784-4B8E-A063-3FD3C2772843}.Release|Any CPU.Build.0 = Release|Any CPU
		{2ECB7E6B-40E4-443E-8B67-5621A8CFC8F5}.Debug|Any CPU.ActiveCfg = Debug|Any CPU
		{2ECB7E6B-40E4-443E-8B67-5621A8CFC8F5}.Debug|Any CPU.Build.0 = Debug|Any CPU
		{2ECB7E6B-40E4-443E-8B67-5621A8CFC8F5}.Release|Any CPU.ActiveCfg = Release|Any CPU
		{2ECB7E6B-40E4-443E-8B67-5621A8CFC8F5}.Release|Any CPU.Build.0 = Release|Any CPU
		{CED4CB07-ECE5-45F1-AAB6-37C6B30E439A}.Debug|Any CPU.ActiveCfg = Debug|Any CPU
		{CED4CB07-ECE5-45F1-AAB6-37C6B30E439A}.Debug|Any CPU.Build.0 = Debug|Any CPU
		{CED4CB07-ECE5-45F1-AAB6-37C6B30E439A}.Release|Any CPU.ActiveCfg = Release|Any CPU
		{CED4CB07-ECE5-45F1-AAB6-37C6B30E439A}.Release|Any CPU.Build.0 = Release|Any CPU
	EndGlobalSection
	GlobalSection(SolutionProperties) = preSolution
		HideSolutionNode = FALSE
	EndGlobalSection
	GlobalSection(ExtensibilityGlobals) = postSolution
		SolutionGuid = {3FCCFACB-E22E-4980-B248-96B525942187}
	EndGlobalSection
EndGlobal
